
Microsoft Visual Studio Solution File, Format Version 12.00
# Visual Studio Version 16
VisualStudioVersion = 16.0.31829.152
MinimumVisualStudioVersion = 10.0.40219.1
Project("{FAE04EC0-301F-11D3-BF4B-00C04F79EFBC}") = "EasyRFI", "EasyRFI\EasyRFI.csproj", "{DF1FC3C3-E09A-4FB1-8258-05509F6F4665}"
EndProject
Global
	GlobalSection(SolutionConfigurationPlatforms) = preSolution
		Debug|Any CPU = Debug|Any CPU
		Release|Any CPU = Release|Any CPU
	EndGlobalSection
	GlobalSection(ProjectConfigurationPlatforms) = postSolution
		{DF1FC3C3-E09A-4FB1-8258-05509F6F4665}.Debug|Any CPU.ActiveCfg = Debug|Any CPU
		{DF1FC3C3-E09A-4FB1-8258-05509F6F4665}.Debug|Any CPU.Build.0 = Debug|Any CPU
		{DF1FC3C3-E09A-4FB1-8258-05509F6F4665}.Release|Any CPU.ActiveCfg = Release|Any CPU
		{DF1FC3C3-E09A-4FB1-8258-05509F6F4665}.Release|Any CPU.Build.0 = Release|Any CPU
	EndGlobalSection
	GlobalSection(SolutionProperties) = preSolution
		HideSolutionNode = FALSE
	EndGlobalSection
	GlobalSection(ExtensibilityGlobals) = postSolution
		SolutionGuid = {134F0C94-65FD-4F77-B042-06760A95EED1}
	EndGlobalSection
EndGlobal
